
Microsoft Visual Studio Solution File, Format Version 12.00
# Visual Studio Version 16
VisualStudioVersion = 16.0.32802.440
MinimumVisualStudioVersion = 10.0.40219.1
Project("{8BC9CEB8-8B4A-11D0-8D11-00A0C91BC942}") = "OpenGLExe01", "OpenGLExe01.vcxproj", "{C3E0132E-F41C-4F1D-8F11-C7B551271D46}"
EndProject
Global
	GlobalSection(SolutionConfigurationPlatforms) = preSolution
		Debug|x64 = Debug|x64
		Debug|x86 = Debug|x86
		Release|x64 = Release|x64
		Release|x86 = Release|x86
	EndGlobalSection
	GlobalSection(ProjectConfigurationPlatforms) = postSolution
		{C3E0132E-F41C-4F1D-8F11-C7B551271D46}.Debug|x64.ActiveCfg = Debug|x64
		{C3E0132E-F41C-4F1D-8F11-C7B551271D46}.Debug|x64.Build.0 = Debug|x64
		{C3E0132E-F41C-4F1D-8F11-C7B551271D46}.Debug|x86.ActiveCfg = Debug|Win32
		{C3E0132E-F41C-4F1D-8F11-C7B551271D46}.Debug|x86.Build.0 = Debug|Win32
		{C3E0132E-F41C-4F1D-8F11-C7B551271D46}.Release|x64.ActiveCfg = Release|x64
		{C3E0132E-F41C-4F1D-8F11-C7B551271D46}.Release|x64.Build.0 = Release|x64
		{C3E0132E-F41C-4F1D-8F11-C7B551271D46}.Release|x86.ActiveCfg = Release|Win32
		{C3E0132E-F41C-4F1D-8F11-C7B551271D46}.Release|x86.Build.0 = Release|Win32
	EndGlobalSection
	GlobalSection(SolutionProperties) = preSolution
		HideSolutionNode = FALSE
	EndGlobalSection
	GlobalSection(ExtensibilityGlobals) = postSolution
		SolutionGuid = {83C50BAC-8357-4A95-9891-08F42CDC5472}
	EndGlobalSection
EndGlobal
